// !$*UTF8*$!
{
	archiveVersion = 1;
	classes = {
	};
	objectVersion = 46;
	objects = {

/* Begin PBXBuildFile section */
		1831CBE11628086A004B6DD4 /* SCRootViewController.m in Sources */ = {isa = PBXBuildFile; fileRef = 1831CBDF1628086A004B6DD4 /* SCRootViewController.m */; };
		1831CBE21628086A004B6DD4 /* SCRootViewController.xib in Resources */ = {isa = PBXBuildFile; fileRef = 1831CBE01628086A004B6DD4 /* SCRootViewController.xib */; };
		1831CBE4162809E0004B6DD4 /* QuartzCore.framework in Frameworks */ = {isa = PBXBuildFile; fileRef = 1831CBE3162809E0004B6DD4 /* QuartzCore.framework */; };
		1843F4501650EB9900CEDBEF /* icon-export.png in Resources */ = {isa = PBXBuildFile; fileRef = 1843F44C1650EB9900CEDBEF /* icon-export.png */; };
		1843F4521650EB9900CEDBEF /* icon-open.png in Resources */ = {isa = PBXBuildFile; fileRef = 1843F44E1650EB9900CEDBEF /* icon-open.png */; };
		1843F4531650EB9900CEDBEF /* icon-save.png in Resources */ = {isa = PBXBuildFile; fileRef = 1843F44F1650EB9900CEDBEF /* icon-save.png */; };
		186758CD1654C83F00BEE1E1 /* MainMenu.xib in Resources */ = {isa = PBXBuildFile; fileRef = 186758CC1654C83F00BEE1E1 /* MainMenu.xib */; };
		1878321816BECEC800A8C760 /* XcodeEditor.framework in CopyFiles */ = {isa = PBXBuildFile; fileRef = 18F0D44F16BECE6800CC0264 /* XcodeEditor.framework */; };
		18D185A516C050E00082E573 /* NSData+SCAdditions.m in Sources */ = {isa = PBXBuildFile; fileRef = 18D1859216C050E00082E573 /* NSData+SCAdditions.m */; };
		18D185A616C050E00082E573 /* NSString+SCAdditions.m in Sources */ = {isa = PBXBuildFile; fileRef = 18D1859416C050E00082E573 /* NSString+SCAdditions.m */; };
		18D185A716C050E00082E573 /* OrderedDictionary.m in Sources */ = {isa = PBXBuildFile; fileRef = 18D1859616C050E00082E573 /* OrderedDictionary.m */; settings = {COMPILER_FLAGS = "-fno-objc-arc"; }; };
		18D185A816C050E00082E573 /* SCCSVWriter.m in Sources */ = {isa = PBXBuildFile; fileRef = 18D1859916C050E00082E573 /* SCCSVWriter.m */; };
		18D185A916C050E00082E573 /* SCReader.m in Sources */ = {isa = PBXBuildFile; fileRef = 18D1859B16C050E00082E573 /* SCReader.m */; };
		18D185AA16C050E00082E573 /* SCStringsWriter.m in Sources */ = {isa = PBXBuildFile; fileRef = 18D1859D16C050E00082E573 /* SCStringsWriter.m */; };
		18D185AB16C050E00082E573 /* SCExportAccessoryView.m in Sources */ = {isa = PBXBuildFile; fileRef = 18D185A016C050E00082E573 /* SCExportAccessoryView.m */; };
		18D185AC16C050E00082E573 /* SCExportAccessoryView.xib in Resources */ = {isa = PBXBuildFile; fileRef = 18D185A116C050E00082E573 /* SCExportAccessoryView.xib */; };
		18D185AD16C050E00082E573 /* SCOpenAccessoryView.m in Sources */ = {isa = PBXBuildFile; fileRef = 18D185A316C050E00082E573 /* SCOpenAccessoryView.m */; };
		18D185AE16C050E00082E573 /* SCOpenAccessoryView.xib in Resources */ = {isa = PBXBuildFile; fileRef = 18D185A416C050E00082E573 /* SCOpenAccessoryView.xib */; };
		18D36750162772B500B6BACE /* Cocoa.framework in Frameworks */ = {isa = PBXBuildFile; fileRef = 18D3674F162772B500B6BACE /* Cocoa.framework */; };
		18D3675C162772B500B6BACE /* main.m in Sources */ = {isa = PBXBuildFile; fileRef = 18D3675B162772B500B6BACE /* main.m */; };
		18D36760162772B600B6BACE /* Credits.rtf in Resources */ = {isa = PBXBuildFile; fileRef = 18D3675E162772B600B6BACE /* Credits.rtf */; };
		18D36763162772B600B6BACE /* SCAppDelegate.m in Sources */ = {isa = PBXBuildFile; fileRef = 18D36762162772B600B6BACE /* SCAppDelegate.m */; };
		18D9AFAB16BD4E98008601C0 /* SCStringsController.m in Sources */ = {isa = PBXBuildFile; fileRef = 18D9AFAA16BD4E98008601C0 /* SCStringsController.m */; };
		18F0D45316BECE8300CC0264 /* XcodeEditor.framework in Frameworks */ = {isa = PBXBuildFile; fileRef = 18F0D44F16BECE6800CC0264 /* XcodeEditor.framework */; };
/* End PBXBuildFile section */

/* Begin PBXCopyFilesBuildPhase section */
		1878321716BECEC400A8C760 /* CopyFiles */ = {
			isa = PBXCopyFilesBuildPhase;
			buildActionMask = 2147483647;
			dstPath = "";
			dstSubfolderSpec = 10;
			files = (
				1878321816BECEC800A8C760 /* XcodeEditor.framework in CopyFiles */,
			);
			runOnlyForDeploymentPostprocessing = 0;
		};
/* End PBXCopyFilesBuildPhase section */

/* Begin PBXFileReference section */
		1831CBDE1628086A004B6DD4 /* SCRootViewController.h */ = {isa = PBXFileReference; fileEncoding = 4; lastKnownFileType = sourcecode.c.h; path = SCRootViewController.h; sourceTree = "<group>"; };
		1831CBDF1628086A004B6DD4 /* SCRootViewController.m */ = {isa = PBXFileReference; fileEncoding = 4; lastKnownFileType = sourcecode.c.objc; path = SCRootViewController.m; sourceTree = "<group>"; };
		1831CBE01628086A004B6DD4 /* SCRootViewController.xib */ = {isa = PBXFileReference; fileEncoding = 4; lastKnownFileType = file.xib; path = SCRootViewController.xib; sourceTree = "<group>"; };
		1831CBE3162809E0004B6DD4 /* QuartzCore.framework */ = {isa = PBXFileReference; lastKnownFileType = wrapper.framework; name = QuartzCore.framework; path = System/Library/Frameworks/QuartzCore.framework; sourceTree = SDKROOT; };
		1843F44C1650EB9900CEDBEF /* icon-export.png */ = {isa = PBXFileReference; lastKnownFileType = image.png; path = "icon-export.png"; sourceTree = "<group>"; };
		1843F44E1650EB9900CEDBEF /* icon-open.png */ = {isa = PBXFileReference; lastKnownFileType = image.png; path = "icon-open.png"; sourceTree = "<group>"; };
		1843F44F1650EB9900CEDBEF /* icon-save.png */ = {isa = PBXFileReference; lastKnownFileType = image.png; path = "icon-save.png"; sourceTree = "<group>"; };
		186758CC1654C83F00BEE1E1 /* MainMenu.xib */ = {isa = PBXFileReference; fileEncoding = 4; lastKnownFileType = file.xib; path = MainMenu.xib; sourceTree = "<group>"; };
		18D1859116C050E00082E573 /* NSData+SCAdditions.h */ = {isa = PBXFileReference; fileEncoding = 4; lastKnownFileType = sourcecode.c.h; path = "NSData+SCAdditions.h"; sourceTree = "<group>"; };
		18D1859216C050E00082E573 /* NSData+SCAdditions.m */ = {isa = PBXFileReference; fileEncoding = 4; lastKnownFileType = sourcecode.c.objc; path = "NSData+SCAdditions.m"; sourceTree = "<group>"; };
		18D1859316C050E00082E573 /* NSString+SCAdditions.h */ = {isa = PBXFileReference; fileEncoding = 4; lastKnownFileType = sourcecode.c.h; path = "NSString+SCAdditions.h"; sourceTree = "<group>"; };
		18D1859416C050E00082E573 /* NSString+SCAdditions.m */ = {isa = PBXFileReference; fileEncoding = 4; lastKnownFileType = sourcecode.c.objc; path = "NSString+SCAdditions.m"; sourceTree = "<group>"; };
		18D1859516C050E00082E573 /* OrderedDictionary.h */ = {isa = PBXFileReference; fileEncoding = 4; lastKnownFileType = sourcecode.c.h; path = OrderedDictionary.h; sourceTree = "<group>"; };
		18D1859616C050E00082E573 /* OrderedDictionary.m */ = {isa = PBXFileReference; fileEncoding = 4; lastKnownFileType = sourcecode.c.objc; path = OrderedDictionary.m; sourceTree = "<group>"; };
		18D1859816C050E00082E573 /* SCCSVWriter.h */ = {isa = PBXFileReference; fileEncoding = 4; lastKnownFileType = sourcecode.c.h; path = SCCSVWriter.h; sourceTree = "<group>"; };
		18D1859916C050E00082E573 /* SCCSVWriter.m */ = {isa = PBXFileReference; fileEncoding = 4; lastKnownFileType = sourcecode.c.objc; path = SCCSVWriter.m; sourceTree = "<group>"; };
		18D1859A16C050E00082E573 /* SCReader.h */ = {isa = PBXFileReference; fileEncoding = 4; lastKnownFileType = sourcecode.c.h; path = SCReader.h; sourceTree = "<group>"; };
		18D1859B16C050E00082E573 /* SCReader.m */ = {isa = PBXFileReference; fileEncoding = 4; lastKnownFileType = sourcecode.c.objc; path = SCReader.m; sourceTree = "<group>"; };
		18D1859C16C050E00082E573 /* SCStringsWriter.h */ = {isa = PBXFileReference; fileEncoding = 4; lastKnownFileType = sourcecode.c.h; path = SCStringsWriter.h; sourceTree = "<group>"; };
		18D1859D16C050E00082E573 /* SCStringsWriter.m */ = {isa = PBXFileReference; fileEncoding = 4; lastKnownFileType = sourcecode.c.objc; path = SCStringsWriter.m; sourceTree = "<group>"; };
		18D1859F16C050E00082E573 /* SCExportAccessoryView.h */ = {isa = PBXFileReference; fileEncoding = 4; lastKnownFileType = sourcecode.c.h; path = SCExportAccessoryView.h; sourceTree = "<group>"; };
		18D185A016C050E00082E573 /* SCExportAccessoryView.m */ = {isa = PBXFileReference; fileEncoding = 4; lastKnownFileType = sourcecode.c.objc; path = SCExportAccessoryView.m; sourceTree = "<group>"; };
		18D185A116C050E00082E573 /* SCExportAccessoryView.xib */ = {isa = PBXFileReference; fileEncoding = 4; lastKnownFileType = file.xib; path = SCExportAccessoryView.xib; sourceTree = "<group>"; };
		18D185A216C050E00082E573 /* SCOpenAccessoryView.h */ = {isa = PBXFileReference; fileEncoding = 4; lastKnownFileType = sourcecode.c.h; path = SCOpenAccessoryView.h; sourceTree = "<group>"; };
		18D185A316C050E00082E573 /* SCOpenAccessoryView.m */ = {isa = PBXFileReference; fileEncoding = 4; lastKnownFileType = sourcecode.c.objc; path = SCOpenAccessoryView.m; sourceTree = "<group>"; };
		18D185A416C050E00082E573 /* SCOpenAccessoryView.xib */ = {isa = PBXFileReference; fileEncoding = 4; lastKnownFileType = file.xib; path = SCOpenAccessoryView.xib; sourceTree = "<group>"; };
		18D3674B162772B500B6BACE /* SCStringsUtility.app */ = {isa = PBXFileReference; explicitFileType = wrapper.application; includeInIndex = 0; path = SCStringsUtility.app; sourceTree = BUILT_PRODUCTS_DIR; };
		18D3674F162772B500B6BACE /* Cocoa.framework */ = {isa = PBXFileReference; lastKnownFileType = wrapper.framework; name = Cocoa.framework; path = System/Library/Frameworks/Cocoa.framework; sourceTree = SDKROOT; };
		18D36752162772B500B6BACE /* AppKit.framework */ = {isa = PBXFileReference; lastKnownFileType = wrapper.framework; name = AppKit.framework; path = System/Library/Frameworks/AppKit.framework; sourceTree = SDKROOT; };
		18D36753162772B500B6BACE /* CoreData.framework */ = {isa = PBXFileReference; lastKnownFileType = wrapper.framework; name = CoreData.framework; path = System/Library/Frameworks/CoreData.framework; sourceTree = SDKROOT; };
		18D36754162772B500B6BACE /* Foundation.framework */ = {isa = PBXFileReference; lastKnownFileType = wrapper.framework; name = Foundation.framework; path = System/Library/Frameworks/Foundation.framework; sourceTree = SDKROOT; };
		18D36757162772B500B6BACE /* SCStringsUtility-Info.plist */ = {isa = PBXFileReference; lastKnownFileType = text.plist.xml; path = "SCStringsUtility-Info.plist"; sourceTree = "<group>"; };
		18D3675B162772B500B6BACE /* main.m */ = {isa = PBXFileReference; lastKnownFileType = sourcecode.c.objc; path = main.m; sourceTree = "<group>"; };
		18D3675D162772B600B6BACE /* SCStringsUtility-Prefix.pch */ = {isa = PBXFileReference; lastKnownFileType = sourcecode.c.h; path = "SCStringsUtility-Prefix.pch"; sourceTree = "<group>"; };
		18D3675F162772B600B6BACE /* en */ = {isa = PBXFileReference; lastKnownFileType = text.rtf; name = en; path = en.lproj/Credits.rtf; sourceTree = "<group>"; };
		18D36761162772B600B6BACE /* SCAppDelegate.h */ = {isa = PBXFileReference; lastKnownFileType = sourcecode.c.h; path = SCAppDelegate.h; sourceTree = "<group>"; };
		18D36762162772B600B6BACE /* SCAppDelegate.m */ = {isa = PBXFileReference; lastKnownFileType = sourcecode.c.objc; path = SCAppDelegate.m; sourceTree = "<group>"; };
		18D9AFA916BD4E98008601C0 /* SCStringsController.h */ = {isa = PBXFileReference; fileEncoding = 4; lastKnownFileType = sourcecode.c.h; path = SCStringsController.h; sourceTree = "<group>"; };
		18D9AFAA16BD4E98008601C0 /* SCStringsController.m */ = {isa = PBXFileReference; fileEncoding = 4; lastKnownFileType = sourcecode.c.objc; path = SCStringsController.m; sourceTree = "<group>"; };
		18F0D44F16BECE6800CC0264 /* XcodeEditor.framework */ = {isa = PBXFileReference; lastKnownFileType = wrapper.framework; path = XcodeEditor.framework; sourceTree = "<group>"; };
/* End PBXFileReference section */

/* Begin PBXFrameworksBuildPhase section */
		18D36748162772B500B6BACE /* Frameworks */ = {
			isa = PBXFrameworksBuildPhase;
			buildActionMask = 2147483647;
			files = (
				1831CBE4162809E0004B6DD4 /* QuartzCore.framework in Frameworks */,
				18D36750162772B500B6BACE /* Cocoa.framework in Frameworks */,
				18F0D45316BECE8300CC0264 /* XcodeEditor.framework in Frameworks */,
			);
			runOnlyForDeploymentPostprocessing = 0;
		};
/* End PBXFrameworksBuildPhase section */

/* Begin PBXGroup section */
		1843F44B1650EB9900CEDBEF /* Resources */ = {
			isa = PBXGroup;
			children = (
				1843F44C1650EB9900CEDBEF /* icon-export.png */,
				1843F44E1650EB9900CEDBEF /* icon-open.png */,
				1843F44F1650EB9900CEDBEF /* icon-save.png */,
			);
			path = Resources;
			sourceTree = "<group>";
		};
		18D1859016C050E00082E573 /* Others */ = {
			isa = PBXGroup;
			children = (
				18D1859116C050E00082E573 /* NSData+SCAdditions.h */,
				18D1859216C050E00082E573 /* NSData+SCAdditions.m */,
				18D1859316C050E00082E573 /* NSString+SCAdditions.h */,
				18D1859416C050E00082E573 /* NSString+SCAdditions.m */,
				18D1859516C050E00082E573 /* OrderedDictionary.h */,
				18D1859616C050E00082E573 /* OrderedDictionary.m */,
			);
			path = Others;
			sourceTree = "<group>";
		};
		18D1859716C050E00082E573 /* Readers&Writers */ = {
			isa = PBXGroup;
			children = (
				18D1859816C050E00082E573 /* SCCSVWriter.h */,
				18D1859916C050E00082E573 /* SCCSVWriter.m */,
				18D1859A16C050E00082E573 /* SCReader.h */,
				18D1859B16C050E00082E573 /* SCReader.m */,
				18D1859C16C050E00082E573 /* SCStringsWriter.h */,
				18D1859D16C050E00082E573 /* SCStringsWriter.m */,
			);
			path = "Readers&Writers";
			sourceTree = "<group>";
		};
		18D1859E16C050E00082E573 /* Views */ = {
			isa = PBXGroup;
			children = (
				18D1859F16C050E00082E573 /* SCExportAccessoryView.h */,
				18D185A016C050E00082E573 /* SCExportAccessoryView.m */,
				18D185A116C050E00082E573 /* SCExportAccessoryView.xib */,
				18D185A216C050E00082E573 /* SCOpenAccessoryView.h */,
				18D185A316C050E00082E573 /* SCOpenAccessoryView.m */,
				18D185A416C050E00082E573 /* SCOpenAccessoryView.xib */,
			);
			path = Views;
			sourceTree = "<group>";
		};
		18D36740162772B500B6BACE = {
			isa = PBXGroup;
			children = (
				18D36755162772B500B6BACE /* SCStringsUtility */,
				18D3674E162772B500B6BACE /* Frameworks */,
				18D3674C162772B500B6BACE /* Products */,
			);
			sourceTree = "<group>";
		};
		18D3674C162772B500B6BACE /* Products */ = {
			isa = PBXGroup;
			children = (
				18D3674B162772B500B6BACE /* SCStringsUtility.app */,
			);
			name = Products;
			sourceTree = "<group>";
		};
		18D3674E162772B500B6BACE /* Frameworks */ = {
			isa = PBXGroup;
			children = (
				18F0D44F16BECE6800CC0264 /* XcodeEditor.framework */,
				18D36752162772B500B6BACE /* AppKit.framework */,
				18D3674F162772B500B6BACE /* Cocoa.framework */,
				18D36753162772B500B6BACE /* CoreData.framework */,
				18D36754162772B500B6BACE /* Foundation.framework */,
				1831CBE3162809E0004B6DD4 /* QuartzCore.framework */,
			);
			name = Frameworks;
			sourceTree = "<group>";
		};
		18D36755162772B500B6BACE /* SCStringsUtility */ = {
			isa = PBXGroup;
			children = (
				186758CC1654C83F00BEE1E1 /* MainMenu.xib */,
				18D36761162772B600B6BACE /* SCAppDelegate.h */,
				18D36762162772B600B6BACE /* SCAppDelegate.m */,
				1831CBDE1628086A004B6DD4 /* SCRootViewController.h */,
				1831CBDF1628086A004B6DD4 /* SCRootViewController.m */,
				1831CBE01628086A004B6DD4 /* SCRootViewController.xib */,
				18D9AFA916BD4E98008601C0 /* SCStringsController.h */,
				18D9AFAA16BD4E98008601C0 /* SCStringsController.m */,
				18D1859E16C050E00082E573 /* Views */,
				18D1859716C050E00082E573 /* Readers&Writers */,
				18D1859016C050E00082E573 /* Others */,
				18D36756162772B500B6BACE /* Supporting Files */,
			);
			path = SCStringsUtility;
			sourceTree = "<group>";
		};
		18D36756162772B500B6BACE /* Supporting Files */ = {
			isa = PBXGroup;
			children = (
				1843F44B1650EB9900CEDBEF /* Resources */,
				18D36757162772B500B6BACE /* SCStringsUtility-Info.plist */,
				18D3675B162772B500B6BACE /* main.m */,
				18D3675D162772B600B6BACE /* SCStringsUtility-Prefix.pch */,
				18D3675E162772B600B6BACE /* Credits.rtf */,
			);
			name = "Supporting Files";
			sourceTree = "<group>";
		};
/* End PBXGroup section */

/* Begin PBXNativeTarget section */
		18D3674A162772B500B6BACE /* SCStringsUtility */ = {
			isa = PBXNativeTarget;
			buildConfigurationList = 18D36769162772B600B6BACE /* Build configuration list for PBXNativeTarget "SCStringsUtility" */;
			buildPhases = (
				18D36747162772B500B6BACE /* Sources */,
				18D36748162772B500B6BACE /* Frameworks */,
				18D36749162772B500B6BACE /* Resources */,
				1878321716BECEC400A8C760 /* CopyFiles */,
			);
			buildRules = (
			);
			dependencies = (
			);
			name = SCStringsUtility;
			productName = SCConverter;
			productReference = 18D3674B162772B500B6BACE /* SCStringsUtility.app */;
			productType = "com.apple.product-type.application";
		};
/* End PBXNativeTarget section */

/* Begin PBXProject section */
		18D36742162772B500B6BACE /* Project object */ = {
			isa = PBXProject;
			attributes = {
				CLASSPREFIX = SC;
				LastUpgradeCheck = 0440;
				ORGANIZATIONNAME = "Stefan Ceriu";
			};
			buildConfigurationList = 18D36745162772B500B6BACE /* Build configuration list for PBXProject "SCStringsUtility" */;
			compatibilityVersion = "Xcode 3.2";
			developmentRegion = English;
			hasScannedForEncodings = 0;
			knownRegions = (
				en,
			);
			mainGroup = 18D36740162772B500B6BACE;
			productRefGroup = 18D3674C162772B500B6BACE /* Products */;
			projectDirPath = "";
			projectRoot = "";
			targets = (
				18D3674A162772B500B6BACE /* SCStringsUtility */,
			);
		};
/* End PBXProject section */

/* Begin PBXResourcesBuildPhase section */
		18D36749162772B500B6BACE /* Resources */ = {
			isa = PBXResourcesBuildPhase;
			buildActionMask = 2147483647;
			files = (
				18D36760162772B600B6BACE /* Credits.rtf in Resources */,
				1831CBE21628086A004B6DD4 /* SCRootViewController.xib in Resources */,
				1843F4501650EB9900CEDBEF /* icon-export.png in Resources */,
				1843F4521650EB9900CEDBEF /* icon-open.png in Resources */,
				1843F4531650EB9900CEDBEF /* icon-save.png in Resources */,
				186758CD1654C83F00BEE1E1 /* MainMenu.xib in Resources */,
				18D185AC16C050E00082E573 /* SCExportAccessoryView.xib in Resources */,
				18D185AE16C050E00082E573 /* SCOpenAccessoryView.xib in Resources */,
			);
			runOnlyForDeploymentPostprocessing = 0;
		};
/* End PBXResourcesBuildPhase section */

/* Begin PBXSourcesBuildPhase section */
		18D36747162772B500B6BACE /* Sources */ = {
			isa = PBXSourcesBuildPhase;
			buildActionMask = 2147483647;
			files = (
				18D3675C162772B500B6BACE /* main.m in Sources */,
				18D36763162772B600B6BACE /* SCAppDelegate.m in Sources */,
				1831CBE11628086A004B6DD4 /* SCRootViewController.m in Sources */,
				18D9AFAB16BD4E98008601C0 /* SCStringsController.m in Sources */,
				18D185A516C050E00082E573 /* NSData+SCAdditions.m in Sources */,
				18D185A616C050E00082E573 /* NSString+SCAdditions.m in Sources */,
				18D185A716C050E00082E573 /* OrderedDictionary.m in Sources */,
				18D185A816C050E00082E573 /* SCCSVWriter.m in Sources */,
				18D185A916C050E00082E573 /* SCReader.m in Sources */,
				18D185AA16C050E00082E573 /* SCStringsWriter.m in Sources */,
				18D185AB16C050E00082E573 /* SCExportAccessoryView.m in Sources */,
				18D185AD16C050E00082E573 /* SCOpenAccessoryView.m in Sources */,
			);
			runOnlyForDeploymentPostprocessing = 0;
		};
/* End PBXSourcesBuildPhase section */

/* Begin PBXVariantGroup section */
		18D3675E162772B600B6BACE /* Credits.rtf */ = {
			isa = PBXVariantGroup;
			children = (
				18D3675F162772B600B6BACE /* en */,
			);
			name = Credits.rtf;
			sourceTree = "<group>";
		};
/* End PBXVariantGroup section */

/* Begin XCBuildConfiguration section */
		18D36767162772B600B6BACE /* Debug */ = {
			isa = XCBuildConfiguration;
			buildSettings = {
				ALWAYS_SEARCH_USER_PATHS = NO;
				ARCHS = "$(ARCHS_STANDARD_64_BIT)";
				CLANG_CXX_LANGUAGE_STANDARD = "gnu++0x";
				CLANG_ENABLE_OBJC_ARC = YES;
				CLANG_WARN__DUPLICATE_METHOD_MATCH = YES;
				COPY_PHASE_STRIP = NO;
				GCC_C_LANGUAGE_STANDARD = gnu99;
				GCC_DYNAMIC_NO_PIC = NO;
				GCC_ENABLE_OBJC_EXCEPTIONS = YES;
				GCC_OPTIMIZATION_LEVEL = 0;
				GCC_PREPROCESSOR_DEFINITIONS = (
					"DEBUG=1",
					"$(inherited)",
				);
				GCC_SYMBOLS_PRIVATE_EXTERN = NO;
				GCC_WARN_64_TO_32_BIT_CONVERSION = YES;
				GCC_WARN_ABOUT_RETURN_TYPE = YES;
				GCC_WARN_UNINITIALIZED_AUTOS = YES;
				GCC_WARN_UNUSED_VARIABLE = YES;
				MACOSX_DEPLOYMENT_TARGET = 10.7;
				ONLY_ACTIVE_ARCH = YES;
				SDKROOT = macosx;
			};
			name = Debug;
		};
		18D36768162772B600B6BACE /* Release */ = {
			isa = XCBuildConfiguration;
			buildSettings = {
				ALWAYS_SEARCH_USER_PATHS = NO;
				ARCHS = "$(ARCHS_STANDARD_64_BIT)";
				CLANG_CXX_LANGUAGE_STANDARD = "gnu++0x";
				CLANG_ENABLE_OBJC_ARC = YES;
				CLANG_WARN__DUPLICATE_METHOD_MATCH = YES;
				COPY_PHASE_STRIP = YES;
				DEBUG_INFORMATION_FORMAT = "dwarf-with-dsym";
				GCC_C_LANGUAGE_STANDARD = gnu99;
				GCC_ENABLE_OBJC_EXCEPTIONS = YES;
				GCC_WARN_64_TO_32_BIT_CONVERSION = YES;
				GCC_WARN_ABOUT_RETURN_TYPE = YES;
				GCC_WARN_UNINITIALIZED_AUTOS = YES;
				GCC_WARN_UNUSED_VARIABLE = YES;
				MACOSX_DEPLOYMENT_TARGET = 10.7;
				SDKROOT = macosx;
			};
			name = Release;
		};
		18D3676A162772B600B6BACE /* Debug */ = {
			isa = XCBuildConfiguration;
			buildSettings = {
				COMBINE_HIDPI_IMAGES = YES;
				FRAMEWORK_SEARCH_PATHS = (
					"$(inherited)",
					"\"$(SRCROOT)\"/**",
					"\"$(SYSTEM_APPS_DIR)/Xcode.app/Contents/Developer/Library/Frameworks\"",
					"\"$(SRCROOT)\"",
				);
				GCC_PRECOMPILE_PREFIX_HEADER = YES;
				GCC_PREFIX_HEADER = "SCStringsUtility/SCStringsUtility-Prefix.pch";
				INFOPLIST_FILE = "SCStringsUtility/SCStringsUtility-Info.plist";
				PRODUCT_NAME = SCStringsUtility;
				WRAPPER_EXTENSION = app;
			};
			name = Debug;
		};
		18D3676B162772B600B6BACE /* Release */ = {
			isa = XCBuildConfiguration;
			buildSettings = {
				COMBINE_HIDPI_IMAGES = YES;
				FRAMEWORK_SEARCH_PATHS = (
					"$(inherited)",
					"\"$(SRCROOT)\"/**",
					"\"$(SYSTEM_APPS_DIR)/Xcode.app/Contents/Developer/Library/Frameworks\"",
					"\"$(SRCROOT)\"",
				);
				GCC_PRECOMPILE_PREFIX_HEADER = YES;
				GCC_PREFIX_HEADER = "SCStringsUtility/SCStringsUtility-Prefix.pch";
				INFOPLIST_FILE = "SCStringsUtility/SCStringsUtility-Info.plist";
				PRODUCT_NAME = SCStringsUtility;
				WRAPPER_EXTENSION = app;
			};
			name = Release;
		};
/* End XCBuildConfiguration section */

/* Begin XCConfigurationList section */
		18D36745162772B500B6BACE /* Build configuration list for PBXProject "SCStringsUtility" */ = {
			isa = XCConfigurationList;
			buildConfigurations = (
				18D36767162772B600B6BACE /* Debug */,
				18D36768162772B600B6BACE /* Release */,
			);
			defaultConfigurationIsVisible = 0;
			defaultConfigurationName = Release;
		};
		18D36769162772B600B6BACE /* Build configuration list for PBXNativeTarget "SCStringsUtility" */ = {
			isa = XCConfigurationList;
			buildConfigurations = (
				18D3676A162772B600B6BACE /* Debug */,
				18D3676B162772B600B6BACE /* Release */,
			);
			defaultConfigurationIsVisible = 0;
			defaultConfigurationName = Release;
		};
/* End XCConfigurationList section */
	};
	rootObject = 18D36742162772B500B6BACE /* Project object */;
}
